
Microsoft Visual Studio Solution File, Format Version 12.00
# Visual Studio Version 16
VisualStudioVersion = 16.0.33328.57
MinimumVisualStudioVersion = 10.0.40219.1
Project("{FAE04EC0-301F-11D3-BF4B-00C04F79EFBC}") = "QuickScope", "QuickScope.csproj", "{8DDD8008-2122-445D-A8CC-467C4089E002}"
EndProject
Global
	GlobalSection(SolutionConfigurationPlatforms) = preSolution
		Debug|Any CPU = Debug|Any CPU
		Release|Any CPU = Release|Any CPU
	EndGlobalSection
	GlobalSection(ProjectConfigurationPlatforms) = postSolution
		{8DDD8008-2122-445D-A8CC-467C4089E002}.Debug|Any CPU.ActiveCfg = Debug|Any CPU
		{8DDD8008-2122-445D-A8CC-467C4089E002}.Debug|Any CPU.Build.0 = Debug|Any CPU
		{8DDD8008-2122-445D-A8CC-467C4089E002}.Release|Any CPU.ActiveCfg = Release|Any CPU
		{8DDD8008-2122-445D-A8CC-467C4089E002}.Release|Any CPU.Build.0 = Release|Any CPU
	EndGlobalSection
	GlobalSection(SolutionProperties) = preSolution
		HideSolutionNode = FALSE
	EndGlobalSection
	GlobalSection(ExtensibilityGlobals) = postSolution
		SolutionGuid = {F1CCB9A0-A4BC-4F50-AB10-D63DB8409B84}
	EndGlobalSection
EndGlobal
