
Microsoft Visual Studio Solution File, Format Version 12.00
# Visual Studio Version 17
VisualStudioVersion = 17.9.34728.123
MinimumVisualStudioVersion = 10.0.40219.1
Project("{FAE04EC0-301F-11D3-BF4B-00C04F79EFBC}") = "sannvirdi", "sannvirdi.csproj", "{F20CE156-B456-417B-A0E7-232F259D12DF}"
EndProject
Global
	GlobalSection(SolutionConfigurationPlatforms) = preSolution
		Debug|Any CPU = Debug|Any CPU
		Release|Any CPU = Release|Any CPU
	EndGlobalSection
	GlobalSection(ProjectConfigurationPlatforms) = postSolution
		{F20CE156-B456-417B-A0E7-232F259D12DF}.Debug|Any CPU.ActiveCfg = Debug|Any CPU
		{F20CE156-B456-417B-A0E7-232F259D12DF}.Debug|Any CPU.Build.0 = Debug|Any CPU
		{F20CE156-B456-417B-A0E7-232F259D12DF}.Release|Any CPU.ActiveCfg = Release|Any CPU
		{F20CE156-B456-417B-A0E7-232F259D12DF}.Release|Any CPU.Build.0 = Release|Any CPU
	EndGlobalSection
	GlobalSection(SolutionProperties) = preSolution
		HideSolutionNode = FALSE
	EndGlobalSection
	GlobalSection(ExtensibilityGlobals) = postSolution
		SolutionGuid = {A6DA20A7-DBE2-4225-AA8E-2CCD69805F81}
	EndGlobalSection
EndGlobal
